
Microsoft Visual Studio Solution File, Format Version 12.00
# Visual Studio Version 17
VisualStudioVersion = 17.7.34018.315
MinimumVisualStudioVersion = 10.0.40219.1
Project("{FAE04EC0-301F-11D3-BF4B-00C04F79EFBC}") = "WebApplication1", "WebApplication1\WebApplication1.csproj", "{6B6D9ABF-8B95-4589-B1D5-21C317A76687}"
EndProject
Global
	GlobalSection(SolutionConfigurationPlatforms) = preSolution
		Debug|Any CPU = Debug|Any CPU
		Release|Any CPU = Release|Any CPU
	EndGlobalSection
	GlobalSection(ProjectConfigurationPlatforms) = postSolution
		{6B6D9ABF-8B95-4589-B1D5-21C317A76687}.Debug|Any CPU.ActiveCfg = Debug|Any CPU
		{6B6D9ABF-8B95-4589-B1D5-21C317A76687}.Debug|Any CPU.Build.0 = Debug|Any CPU
		{6B6D9ABF-8B95-4589-B1D5-21C317A76687}.Release|Any CPU.ActiveCfg = Release|Any CPU
		{6B6D9ABF-8B95-4589-B1D5-21C317A76687}.Release|Any CPU.Build.0 = Release|Any CPU
	EndGlobalSection
	GlobalSection(SolutionProperties) = preSolution
		HideSolutionNode = FALSE
	EndGlobalSection
	GlobalSection(ExtensibilityGlobals) = postSolution
		SolutionGuid = {BFAFC727-C166-4776-9A63-2DA9C2C2C822}
	EndGlobalSection
EndGlobal
