
Microsoft Visual Studio Solution File, Format Version 12.00
# Visual Studio Version 17
VisualStudioVersion = 17.4.33205.214
MinimumVisualStudioVersion = 10.0.40219.1
Project("{9A19103F-16F7-4668-BE54-9A1E7A4F7556}") = "Arrays", "Arrays\Arrays.csproj", "{9EE6FBC0-8E7B-4F45-BEFA-80E9157D2530}"
EndProject
Project("{9A19103F-16F7-4668-BE54-9A1E7A4F7556}") = "multidimesion", "multidimesion\multidimesion.csproj", "{2B620B03-CEB0-4B77-A925-6E96AEF0C8CD}"
EndProject
Project("{9A19103F-16F7-4668-BE54-9A1E7A4F7556}") = "UserInputInArray", "UserInputInArray\UserInputInArray.csproj", "{0EF4A0C6-A19D-49C8-A089-1DE3E900F8C8}"
EndProject
Project("{FAE04EC0-301F-11D3-BF4B-00C04F79EFBC}") = "LargestElementInArray", "LargestElementInArray\LargestElementInArray.csproj", "{841F035C-83D0-42B6-8F22-8D39B2A04E3E}"
EndProject
Project("{FAE04EC0-301F-11D3-BF4B-00C04F79EFBC}") = "isSorted", "isSorted\isSorted.csproj", "{D15360E4-2BA2-4FA5-B68A-2466E42EF4A8}"
EndProject
Project("{FAE04EC0-301F-11D3-BF4B-00C04F79EFBC}") = "ReverseArray", "ReverseArray\ReverseArray.csproj", "{AF35D742-71D2-4BDA-9FFE-CB155ADBB46F}"
EndProject
Global
	GlobalSection(SolutionConfigurationPlatforms) = preSolution
		Debug|Any CPU = Debug|Any CPU
		Release|Any CPU = Release|Any CPU
	EndGlobalSection
	GlobalSection(ProjectConfigurationPlatforms) = postSolution
		{9EE6FBC0-8E7B-4F45-BEFA-80E9157D2530}.Debug|Any CPU.ActiveCfg = Debug|Any CPU
		{9EE6FBC0-8E7B-4F45-BEFA-80E9157D2530}.Debug|Any CPU.Build.0 = Debug|Any CPU
		{9EE6FBC0-8E7B-4F45-BEFA-80E9157D2530}.Release|Any CPU.ActiveCfg = Release|Any CPU
		{9EE6FBC0-8E7B-4F45-BEFA-80E9157D2530}.Release|Any CPU.Build.0 = Release|Any CPU
		{2B620B03-CEB0-4B77-A925-6E96AEF0C8CD}.Debug|Any CPU.ActiveCfg = Debug|Any CPU
		{2B620B03-CEB0-4B77-A925-6E96AEF0C8CD}.Debug|Any CPU.Build.0 = Debug|Any CPU
		{2B620B03-CEB0-4B77-A925-6E96AEF0C8CD}.Release|Any CPU.ActiveCfg = Release|Any CPU
		{2B620B03-CEB0-4B77-A925-6E96AEF0C8CD}.Release|Any CPU.Build.0 = Release|Any CPU
		{0EF4A0C6-A19D-49C8-A089-1DE3E900F8C8}.Debug|Any CPU.ActiveCfg = Debug|Any CPU
		{0EF4A0C6-A19D-49C8-A089-1DE3E900F8C8}.Debug|Any CPU.Build.0 = Debug|Any CPU
		{0EF4A0C6-A19D-49C8-A089-1DE3E900F8C8}.Release|Any CPU.ActiveCfg = Release|Any CPU
		{0EF4A0C6-A19D-49C8-A089-1DE3E900F8C8}.Release|Any CPU.Build.0 = Release|Any CPU
		{841F035C-83D0-42B6-8F22-8D39B2A04E3E}.Debug|Any CPU.ActiveCfg = Debug|Any CPU
		{841F035C-83D0-42B6-8F22-8D39B2A04E3E}.Debug|Any CPU.Build.0 = Debug|Any CPU
		{841F035C-83D0-42B6-8F22-8D39B2A04E3E}.Release|Any CPU.ActiveCfg = Release|Any CPU
		{841F035C-83D0-42B6-8F22-8D39B2A04E3E}.Release|Any CPU.Build.0 = Release|Any CPU
		{D15360E4-2BA2-4FA5-B68A-2466E42EF4A8}.Debug|Any CPU.ActiveCfg = Debug|Any CPU
		{D15360E4-2BA2-4FA5-B68A-2466E42EF4A8}.Debug|Any CPU.Build.0 = Debug|Any CPU
		{D15360E4-2BA2-4FA5-B68A-2466E42EF4A8}.Release|Any CPU.ActiveCfg = Release|Any CPU
		{D15360E4-2BA2-4FA5-B68A-2466E42EF4A8}.Release|Any CPU.Build.0 = Release|Any CPU
		{AF35D742-71D2-4BDA-9FFE-CB155ADBB46F}.Debug|Any CPU.ActiveCfg = Debug|Any CPU
		{AF35D742-71D2-4BDA-9FFE-CB155ADBB46F}.Debug|Any CPU.Build.0 = Debug|Any CPU
		{AF35D742-71D2-4BDA-9FFE-CB155ADBB46F}.Release|Any CPU.ActiveCfg = Release|Any CPU
		{AF35D742-71D2-4BDA-9FFE-CB155ADBB46F}.Release|Any CPU.Build.0 = Release|Any CPU
	EndGlobalSection
	GlobalSection(SolutionProperties) = preSolution
		HideSolutionNode = FALSE
	EndGlobalSection
	GlobalSection(ExtensibilityGlobals) = postSolution
		SolutionGuid = {10BD6598-2248-40A1-9963-5C565793356E}
	EndGlobalSection
EndGlobal
