
Microsoft Visual Studio Solution File, Format Version 12.00
# Visual Studio Version 17
VisualStudioVersion = 17.7.34018.315
MinimumVisualStudioVersion = 10.0.40219.1
Project("{FAE04EC0-301F-11D3-BF4B-00C04F79EFBC}") = "ConsoleApp1", "ConsoleApp1\ConsoleApp1.csproj", "{AA7D8297-84B6-4175-92E1-6B1F1772E4BD}"
EndProject
Global
	GlobalSection(SolutionConfigurationPlatforms) = preSolution
		Debug|Any CPU = Debug|Any CPU
		Release|Any CPU = Release|Any CPU
	EndGlobalSection
	GlobalSection(ProjectConfigurationPlatforms) = postSolution
		{AA7D8297-84B6-4175-92E1-6B1F1772E4BD}.Debug|Any CPU.ActiveCfg = Debug|Any CPU
		{AA7D8297-84B6-4175-92E1-6B1F1772E4BD}.Debug|Any CPU.Build.0 = Debug|Any CPU
		{AA7D8297-84B6-4175-92E1-6B1F1772E4BD}.Release|Any CPU.ActiveCfg = Release|Any CPU
		{AA7D8297-84B6-4175-92E1-6B1F1772E4BD}.Release|Any CPU.Build.0 = Release|Any CPU
	EndGlobalSection
	GlobalSection(SolutionProperties) = preSolution
		HideSolutionNode = FALSE
	EndGlobalSection
	GlobalSection(ExtensibilityGlobals) = postSolution
		SolutionGuid = {E52B9863-CD01-41E8-9F04-0B3E2582A5E1}
	EndGlobalSection
EndGlobal
